// !$*UTF8*$!
{
	archiveVersion = 1;
	classes = {
	};
	objectVersion = 46;
	objects = {

/* Begin PBXBuildFile section */
		65314AAA1865922D0039BDF3 /* RethinkDbClient.h in Headers */ = {isa = PBXBuildFile; fileRef = 654E9D17185C4EBE0084E6F0 /* RethinkDbClient.h */; settings = {ATTRIBUTES = (Public, ); }; };
		653818CB1CC6D1950082A50B /* QL2+JSON.h in Headers */ = {isa = PBXBuildFile; fileRef = 653818C91CC6D1950082A50B /* QL2+JSON.h */; };
		653818CC1CC6D1950082A50B /* QL2+JSON.m in Sources */ = {isa = PBXBuildFile; fileRef = 653818CA1CC6D1950082A50B /* QL2+JSON.m */; };
		653818CE1CCEC4FF0082A50B /* JSONProduction.m in Sources */ = {isa = PBXBuildFile; fileRef = 653818CD1CCEC4FF0082A50B /* JSONProduction.m */; };
		654E9D0B185C4EBE0084E6F0 /* Cocoa.framework in Frameworks */ = {isa = PBXBuildFile; fileRef = 654E9D0A185C4EBE0084E6F0 /* Cocoa.framework */; };
		654E9D15185C4EBE0084E6F0 /* InfoPlist.strings in Resources */ = {isa = PBXBuildFile; fileRef = 654E9D13185C4EBE0084E6F0 /* InfoPlist.strings */; };
		654E9D19185C4EBE0084E6F0 /* RethinkDbClient.m in Sources */ = {isa = PBXBuildFile; fileRef = 654E9D18185C4EBE0084E6F0 /* RethinkDbClient.m */; };
		654E9D20185C4EBE0084E6F0 /* XCTest.framework in Frameworks */ = {isa = PBXBuildFile; fileRef = 654E9D1F185C4EBE0084E6F0 /* XCTest.framework */; };
		654E9D21185C4EBE0084E6F0 /* Cocoa.framework in Frameworks */ = {isa = PBXBuildFile; fileRef = 654E9D0A185C4EBE0084E6F0 /* Cocoa.framework */; };
		654E9D24185C4EBE0084E6F0 /* RethinkDbClient.framework in Frameworks */ = {isa = PBXBuildFile; fileRef = 654E9D07185C4EBE0084E6F0 /* RethinkDbClient.framework */; };
		654E9D2A185C4EBE0084E6F0 /* InfoPlist.strings in Resources */ = {isa = PBXBuildFile; fileRef = 654E9D28185C4EBE0084E6F0 /* InfoPlist.strings */; };
		654E9D2C185C4EBE0084E6F0 /* RethinkDbClientTests.m in Sources */ = {isa = PBXBuildFile; fileRef = 654E9D2B185C4EBE0084E6F0 /* RethinkDbClientTests.m */; };
		654E9D38185C57610084E6F0 /* Ql2.pb.h in Headers */ = {isa = PBXBuildFile; fileRef = 654E9D36185C57610084E6F0 /* Ql2.pb.h */; };
		654E9D39185C57610084E6F0 /* Ql2.pb.m in Sources */ = {isa = PBXBuildFile; fileRef = 654E9D37185C57610084E6F0 /* Ql2.pb.m */; };
		654E9D6B185C593D0084E6F0 /* AbstractMessage_Builder.h in Headers */ = {isa = PBXBuildFile; fileRef = 654E9D3B185C593D0084E6F0 /* AbstractMessage_Builder.h */; };
		654E9D6C185C593D0084E6F0 /* AbstractMessage_Builder.m in Sources */ = {isa = PBXBuildFile; fileRef = 654E9D3C185C593D0084E6F0 /* AbstractMessage_Builder.m */; };
		654E9D6D185C593D0084E6F0 /* AbstractMessage.h in Headers */ = {isa = PBXBuildFile; fileRef = 654E9D3D185C593D0084E6F0 /* AbstractMessage.h */; };
		654E9D6E185C593D0084E6F0 /* AbstractMessage.m in Sources */ = {isa = PBXBuildFile; fileRef = 654E9D3E185C593D0084E6F0 /* AbstractMessage.m */; };
		654E9D6F185C593D0084E6F0 /* Bootstrap.h in Headers */ = {isa = PBXBuildFile; fileRef = 654E9D3F185C593D0084E6F0 /* Bootstrap.h */; };
		654E9D70185C593D0084E6F0 /* CodedInputStream.h in Headers */ = {isa = PBXBuildFile; fileRef = 654E9D40185C593D0084E6F0 /* CodedInputStream.h */; };
		654E9D71185C593D0084E6F0 /* CodedInputStream.m in Sources */ = {isa = PBXBuildFile; fileRef = 654E9D41185C593D0084E6F0 /* CodedInputStream.m */; };
		654E9D72185C593D0084E6F0 /* CodedOutputStream.h in Headers */ = {isa = PBXBuildFile; fileRef = 654E9D42185C593D0084E6F0 /* CodedOutputStream.h */; };
		654E9D73185C593D0084E6F0 /* CodedOutputStream.m in Sources */ = {isa = PBXBuildFile; fileRef = 654E9D43185C593D0084E6F0 /* CodedOutputStream.m */; };
		654E9D74185C593D0084E6F0 /* ConcreteExtensionField.h in Headers */ = {isa = PBXBuildFile; fileRef = 654E9D44185C593D0084E6F0 /* ConcreteExtensionField.h */; };
		654E9D75185C593D0084E6F0 /* ConcreteExtensionField.m in Sources */ = {isa = PBXBuildFile; fileRef = 654E9D45185C593D0084E6F0 /* ConcreteExtensionField.m */; };
		654E9D76185C593D0084E6F0 /* Descriptor.pb.h in Headers */ = {isa = PBXBuildFile; fileRef = 654E9D46185C593D0084E6F0 /* Descriptor.pb.h */; };
		654E9D77185C593D0084E6F0 /* Descriptor.pb.m in Sources */ = {isa = PBXBuildFile; fileRef = 654E9D47185C593D0084E6F0 /* Descriptor.pb.m */; };
		654E9D78185C593D0084E6F0 /* ExtendableMessage_Builder.h in Headers */ = {isa = PBXBuildFile; fileRef = 654E9D48185C593D0084E6F0 /* ExtendableMessage_Builder.h */; };
		654E9D79185C593D0084E6F0 /* ExtendableMessage_Builder.m in Sources */ = {isa = PBXBuildFile; fileRef = 654E9D49185C593D0084E6F0 /* ExtendableMessage_Builder.m */; };
		654E9D7A185C593D0084E6F0 /* ExtendableMessage.h in Headers */ = {isa = PBXBuildFile; fileRef = 654E9D4A185C593D0084E6F0 /* ExtendableMessage.h */; };
		654E9D7B185C593D0084E6F0 /* ExtendableMessage.m in Sources */ = {isa = PBXBuildFile; fileRef = 654E9D4B185C593D0084E6F0 /* ExtendableMessage.m */; };
		654E9D7C185C593D0084E6F0 /* ExtensionField.h in Headers */ = {isa = PBXBuildFile; fileRef = 654E9D4C185C593D0084E6F0 /* ExtensionField.h */; };
		654E9D7D185C593D0084E6F0 /* Field.h in Headers */ = {isa = PBXBuildFile; fileRef = 654E9D4D185C593D0084E6F0 /* Field.h */; };
		654E9D7E185C593D0084E6F0 /* Field.m in Sources */ = {isa = PBXBuildFile; fileRef = 654E9D4E185C593D0084E6F0 /* Field.m */; };
		654E9D7F185C593D0084E6F0 /* ForwardDeclarations.h in Headers */ = {isa = PBXBuildFile; fileRef = 654E9D4F185C593D0084E6F0 /* ForwardDeclarations.h */; };
		654E9D80185C593D0084E6F0 /* GeneratedMessage_Builder.h in Headers */ = {isa = PBXBuildFile; fileRef = 654E9D50185C593D0084E6F0 /* GeneratedMessage_Builder.h */; };
		654E9D81185C593D0084E6F0 /* GeneratedMessage_Builder.m in Sources */ = {isa = PBXBuildFile; fileRef = 654E9D51185C593D0084E6F0 /* GeneratedMessage_Builder.m */; };
		654E9D82185C593D0084E6F0 /* Message_Builder.h in Headers */ = {isa = PBXBuildFile; fileRef = 654E9D52185C593D0084E6F0 /* Message_Builder.h */; };
		654E9D83185C593D0084E6F0 /* Message.h in Headers */ = {isa = PBXBuildFile; fileRef = 654E9D53185C593D0084E6F0 /* Message.h */; };
		654E9D84185C593D0084E6F0 /* MutableField.h in Headers */ = {isa = PBXBuildFile; fileRef = 654E9D54185C593D0084E6F0 /* MutableField.h */; };
		654E9D85185C593D0084E6F0 /* MutableField.m in Sources */ = {isa = PBXBuildFile; fileRef = 654E9D55185C593D0084E6F0 /* MutableField.m */; };
		654E9D86185C593D0084E6F0 /* PBArray.h in Headers */ = {isa = PBXBuildFile; fileRef = 654E9D56185C593D0084E6F0 /* PBArray.h */; };
		654E9D87185C593D0084E6F0 /* PBArray.m in Sources */ = {isa = PBXBuildFile; fileRef = 654E9D57185C593D0084E6F0 /* PBArray.m */; };
		654E9D88185C593D0084E6F0 /* PBExtensionRegistry.h in Headers */ = {isa = PBXBuildFile; fileRef = 654E9D58185C593D0084E6F0 /* PBExtensionRegistry.h */; };
		654E9D89185C593D0084E6F0 /* PBExtensionRegistry.m in Sources */ = {isa = PBXBuildFile; fileRef = 654E9D59185C593D0084E6F0 /* PBExtensionRegistry.m */; };
		654E9D8A185C593D0084E6F0 /* PBGeneratedMessage.h in Headers */ = {isa = PBXBuildFile; fileRef = 654E9D5A185C593D0084E6F0 /* PBGeneratedMessage.h */; };
		654E9D8B185C593D0084E6F0 /* PBGeneratedMessage.m in Sources */ = {isa = PBXBuildFile; fileRef = 654E9D5B185C593D0084E6F0 /* PBGeneratedMessage.m */; };
		654E9D8C185C593D0084E6F0 /* PBMutableExtensionRegistry.h in Headers */ = {isa = PBXBuildFile; fileRef = 654E9D5C185C593D0084E6F0 /* PBMutableExtensionRegistry.h */; };
		654E9D8D185C593D0084E6F0 /* PBMutableExtensionRegistry.m in Sources */ = {isa = PBXBuildFile; fileRef = 654E9D5D185C593D0084E6F0 /* PBMutableExtensionRegistry.m */; };
		654E9D8E185C593D0084E6F0 /* ProtocolBuffers.h in Headers */ = {isa = PBXBuildFile; fileRef = 654E9D5E185C593D0084E6F0 /* ProtocolBuffers.h */; };
		654E9D8F185C593D0084E6F0 /* RingBuffer.h in Headers */ = {isa = PBXBuildFile; fileRef = 654E9D5F185C593D0084E6F0 /* RingBuffer.h */; };
		654E9D90185C593D0084E6F0 /* RingBuffer.m in Sources */ = {isa = PBXBuildFile; fileRef = 654E9D60185C593D0084E6F0 /* RingBuffer.m */; };
		654E9D91185C593D0084E6F0 /* TextFormat.h in Headers */ = {isa = PBXBuildFile; fileRef = 654E9D61185C593D0084E6F0 /* TextFormat.h */; };
		654E9D92185C593D0084E6F0 /* TextFormat.m in Sources */ = {isa = PBXBuildFile; fileRef = 654E9D62185C593D0084E6F0 /* TextFormat.m */; };
		654E9D93185C593D0084E6F0 /* UnknownFieldSet_Builder.h in Headers */ = {isa = PBXBuildFile; fileRef = 654E9D63185C593D0084E6F0 /* UnknownFieldSet_Builder.h */; };
		654E9D94185C593D0084E6F0 /* UnknownFieldSet_Builder.m in Sources */ = {isa = PBXBuildFile; fileRef = 654E9D64185C593D0084E6F0 /* UnknownFieldSet_Builder.m */; };
		654E9D95185C593D0084E6F0 /* UnknownFieldSet.h in Headers */ = {isa = PBXBuildFile; fileRef = 654E9D65185C593D0084E6F0 /* UnknownFieldSet.h */; };
		654E9D96185C593D0084E6F0 /* UnknownFieldSet.m in Sources */ = {isa = PBXBuildFile; fileRef = 654E9D66185C593D0084E6F0 /* UnknownFieldSet.m */; };
		654E9D97185C593D0084E6F0 /* Utilities.h in Headers */ = {isa = PBXBuildFile; fileRef = 654E9D67185C593D0084E6F0 /* Utilities.h */; };
		654E9D98185C593D0084E6F0 /* Utilities.m in Sources */ = {isa = PBXBuildFile; fileRef = 654E9D68185C593D0084E6F0 /* Utilities.m */; };
		654E9D99185C593D0084E6F0 /* WireFormat.h in Headers */ = {isa = PBXBuildFile; fileRef = 654E9D69185C593D0084E6F0 /* WireFormat.h */; };
		654E9D9A185C593D0084E6F0 /* WireFormat.m in Sources */ = {isa = PBXBuildFile; fileRef = 654E9D6A185C593D0084E6F0 /* WireFormat.m */; };
		65A02F4D1B06DAEA00F003C1 /* RethinkDBCursors.m in Sources */ = {isa = PBXBuildFile; fileRef = 65A02F4C1B06DAEA00F003C1 /* RethinkDBCursors.m */; };
		65A02F4E1B06DAEA00F003C1 /* RethinkDBCursors.m in Sources */ = {isa = PBXBuildFile; fileRef = 65A02F4C1B06DAEA00F003C1 /* RethinkDBCursors.m */; };
		65D4EFD51B461771001F67B7 /* AbstractMessage_Builder.m in Sources */ = {isa = PBXBuildFile; fileRef = 654E9D3C185C593D0084E6F0 /* AbstractMessage_Builder.m */; };
		65D4EFD61B461771001F67B7 /* AbstractMessage.m in Sources */ = {isa = PBXBuildFile; fileRef = 654E9D3E185C593D0084E6F0 /* AbstractMessage.m */; };
		65D4EFD71B461771001F67B7 /* CodedInputStream.m in Sources */ = {isa = PBXBuildFile; fileRef = 654E9D41185C593D0084E6F0 /* CodedInputStream.m */; };
		65D4EFD81B461771001F67B7 /* CodedOutputStream.m in Sources */ = {isa = PBXBuildFile; fileRef = 654E9D43185C593D0084E6F0 /* CodedOutputStream.m */; };
		65D4EFD91B461771001F67B7 /* ConcreteExtensionField.m in Sources */ = {isa = PBXBuildFile; fileRef = 654E9D45185C593D0084E6F0 /* ConcreteExtensionField.m */; };
		65D4EFDA1B461771001F67B7 /* Descriptor.pb.m in Sources */ = {isa = PBXBuildFile; fileRef = 654E9D47185C593D0084E6F0 /* Descriptor.pb.m */; };
		65D4EFDB1B461771001F67B7 /* ExtendableMessage_Builder.m in Sources */ = {isa = PBXBuildFile; fileRef = 654E9D49185C593D0084E6F0 /* ExtendableMessage_Builder.m */; };
		65D4EFDC1B461771001F67B7 /* ExtendableMessage.m in Sources */ = {isa = PBXBuildFile; fileRef = 654E9D4B185C593D0084E6F0 /* ExtendableMessage.m */; };
		65D4EFDD1B461771001F67B7 /* Field.m in Sources */ = {isa = PBXBuildFile; fileRef = 654E9D4E185C593D0084E6F0 /* Field.m */; };
		65D4EFDE1B461771001F67B7 /* GeneratedMessage_Builder.m in Sources */ = {isa = PBXBuildFile; fileRef = 654E9D51185C593D0084E6F0 /* GeneratedMessage_Builder.m */; };
		65D4EFDF1B461771001F67B7 /* MutableField.m in Sources */ = {isa = PBXBuildFile; fileRef = 654E9D55185C593D0084E6F0 /* MutableField.m */; };
		65D4EFE01B461771001F67B7 /* PBArray.m in Sources */ = {isa = PBXBuildFile; fileRef = 654E9D57185C593D0084E6F0 /* PBArray.m */; };
		65D4EFE11B461771001F67B7 /* PBExtensionRegistry.m in Sources */ = {isa = PBXBuildFile; fileRef = 654E9D59185C593D0084E6F0 /* PBExtensionRegistry.m */; };
		65D4EFE21B461771001F67B7 /* PBGeneratedMessage.m in Sources */ = {isa = PBXBuildFile; fileRef = 654E9D5B185C593D0084E6F0 /* PBGeneratedMessage.m */; };
		65D4EFE31B461771001F67B7 /* PBMutableExtensionRegistry.m in Sources */ = {isa = PBXBuildFile; fileRef = 654E9D5D185C593D0084E6F0 /* PBMutableExtensionRegistry.m */; };
		65D4EFE41B461771001F67B7 /* RingBuffer.m in Sources */ = {isa = PBXBuildFile; fileRef = 654E9D60185C593D0084E6F0 /* RingBuffer.m */; };
		65D4EFE51B461771001F67B7 /* TextFormat.m in Sources */ = {isa = PBXBuildFile; fileRef = 654E9D62185C593D0084E6F0 /* TextFormat.m */; };
		65D4EFE61B461771001F67B7 /* RethinkDBCursors.m in Sources */ = {isa = PBXBuildFile; fileRef = 65A02F4C1B06DAEA00F003C1 /* RethinkDBCursors.m */; };
		65D4EFE71B461771001F67B7 /* UnknownFieldSet_Builder.m in Sources */ = {isa = PBXBuildFile; fileRef = 654E9D64185C593D0084E6F0 /* UnknownFieldSet_Builder.m */; };
		65D4EFE81B461771001F67B7 /* UnknownFieldSet.m in Sources */ = {isa = PBXBuildFile; fileRef = 654E9D66185C593D0084E6F0 /* UnknownFieldSet.m */; };
		65D4EFE91B461771001F67B7 /* Utilities.m in Sources */ = {isa = PBXBuildFile; fileRef = 654E9D68185C593D0084E6F0 /* Utilities.m */; };
		65D4EFEA1B461771001F67B7 /* WireFormat.m in Sources */ = {isa = PBXBuildFile; fileRef = 654E9D6A185C593D0084E6F0 /* WireFormat.m */; };
		65D4EFEB1B461771001F67B7 /* Ql2.pb.m in Sources */ = {isa = PBXBuildFile; fileRef = 654E9D37185C57610084E6F0 /* Ql2.pb.m */; };
		65D4EFEC1B461771001F67B7 /* RethinkDbClient.m in Sources */ = {isa = PBXBuildFile; fileRef = 654E9D18185C4EBE0084E6F0 /* RethinkDbClient.m */; };
		65D4EFEE1B461771001F67B7 /* Cocoa.framework in Frameworks */ = {isa = PBXBuildFile; fileRef = 654E9D0A185C4EBE0084E6F0 /* Cocoa.framework */; };
		65DBC40A1873867900CDAB4C /* Cocoa.framework in Frameworks */ = {isa = PBXBuildFile; fileRef = 654E9D0A185C4EBE0084E6F0 /* Cocoa.framework */; };
		65DBC4161873867900CDAB4C /* XCTest.framework in Frameworks */ = {isa = PBXBuildFile; fileRef = 654E9D1F185C4EBE0084E6F0 /* XCTest.framework */; };
		65DBC4171873867900CDAB4C /* Cocoa.framework in Frameworks */ = {isa = PBXBuildFile; fileRef = 654E9D0A185C4EBE0084E6F0 /* Cocoa.framework */; };
		65DBC41A1873867900CDAB4C /* libStaticRethinkDBClient.a in Frameworks */ = {isa = PBXBuildFile; fileRef = 65DBC4091873867900CDAB4C /* libStaticRethinkDBClient.a */; };
		65DBC4201873867900CDAB4C /* InfoPlist.strings in Resources */ = {isa = PBXBuildFile; fileRef = 65DBC41E1873867900CDAB4C /* InfoPlist.strings */; };
		65DBC429187386CE00CDAB4C /* AbstractMessage_Builder.m in Sources */ = {isa = PBXBuildFile; fileRef = 654E9D3C185C593D0084E6F0 /* AbstractMessage_Builder.m */; };
		65DBC42A187386CE00CDAB4C /* AbstractMessage.m in Sources */ = {isa = PBXBuildFile; fileRef = 654E9D3E185C593D0084E6F0 /* AbstractMessage.m */; };
		65DBC42B187386CE00CDAB4C /* CodedInputStream.m in Sources */ = {isa = PBXBuildFile; fileRef = 654E9D41185C593D0084E6F0 /* CodedInputStream.m */; };
		65DBC42C187386CE00CDAB4C /* CodedOutputStream.m in Sources */ = {isa = PBXBuildFile; fileRef = 654E9D43185C593D0084E6F0 /* CodedOutputStream.m */; };
		65DBC42D187386CE00CDAB4C /* ConcreteExtensionField.m in Sources */ = {isa = PBXBuildFile; fileRef = 654E9D45185C593D0084E6F0 /* ConcreteExtensionField.m */; };
		65DBC42E187386CE00CDAB4C /* Descriptor.pb.m in Sources */ = {isa = PBXBuildFile; fileRef = 654E9D47185C593D0084E6F0 /* Descriptor.pb.m */; };
		65DBC42F187386CE00CDAB4C /* ExtendableMessage_Builder.m in Sources */ = {isa = PBXBuildFile; fileRef = 654E9D49185C593D0084E6F0 /* ExtendableMessage_Builder.m */; };
		65DBC430187386CE00CDAB4C /* ExtendableMessage.m in Sources */ = {isa = PBXBuildFile; fileRef = 654E9D4B185C593D0084E6F0 /* ExtendableMessage.m */; };
		65DBC431187386CE00CDAB4C /* Field.m in Sources */ = {isa = PBXBuildFile; fileRef = 654E9D4E185C593D0084E6F0 /* Field.m */; };
		65DBC432187386CE00CDAB4C /* GeneratedMessage_Builder.m in Sources */ = {isa = PBXBuildFile; fileRef = 654E9D51185C593D0084E6F0 /* GeneratedMessage_Builder.m */; };
		65DBC433187386CE00CDAB4C /* MutableField.m in Sources */ = {isa = PBXBuildFile; fileRef = 654E9D55185C593D0084E6F0 /* MutableField.m */; };
		65DBC434187386CE00CDAB4C /* PBArray.m in Sources */ = {isa = PBXBuildFile; fileRef = 654E9D57185C593D0084E6F0 /* PBArray.m */; };
		65DBC435187386CE00CDAB4C /* PBExtensionRegistry.m in Sources */ = {isa = PBXBuildFile; fileRef = 654E9D59185C593D0084E6F0 /* PBExtensionRegistry.m */; };
		65DBC436187386CE00CDAB4C /* PBGeneratedMessage.m in Sources */ = {isa = PBXBuildFile; fileRef = 654E9D5B185C593D0084E6F0 /* PBGeneratedMessage.m */; };
		65DBC437187386CE00CDAB4C /* PBMutableExtensionRegistry.m in Sources */ = {isa = PBXBuildFile; fileRef = 654E9D5D185C593D0084E6F0 /* PBMutableExtensionRegistry.m */; };
		65DBC438187386CE00CDAB4C /* RingBuffer.m in Sources */ = {isa = PBXBuildFile; fileRef = 654E9D60185C593D0084E6F0 /* RingBuffer.m */; };
		65DBC439187386CE00CDAB4C /* TextFormat.m in Sources */ = {isa = PBXBuildFile; fileRef = 654E9D62185C593D0084E6F0 /* TextFormat.m */; };
		65DBC43A187386CE00CDAB4C /* UnknownFieldSet_Builder.m in Sources */ = {isa = PBXBuildFile; fileRef = 654E9D64185C593D0084E6F0 /* UnknownFieldSet_Builder.m */; };
		65DBC43B187386CE00CDAB4C /* UnknownFieldSet.m in Sources */ = {isa = PBXBuildFile; fileRef = 654E9D66185C593D0084E6F0 /* UnknownFieldSet.m */; };
		65DBC43C187386CE00CDAB4C /* Utilities.m in Sources */ = {isa = PBXBuildFile; fileRef = 654E9D68185C593D0084E6F0 /* Utilities.m */; };
		65DBC43D187386CE00CDAB4C /* WireFormat.m in Sources */ = {isa = PBXBuildFile; fileRef = 654E9D6A185C593D0084E6F0 /* WireFormat.m */; };
		65DBC43E187386CE00CDAB4C /* Ql2.pb.m in Sources */ = {isa = PBXBuildFile; fileRef = 654E9D37185C57610084E6F0 /* Ql2.pb.m */; };
		65DBC43F187386CE00CDAB4C /* RethinkDbClient.m in Sources */ = {isa = PBXBuildFile; fileRef = 654E9D18185C4EBE0084E6F0 /* RethinkDbClient.m */; };
		65DBC4401873877200CDAB4C /* RethinkDbClientTests.m in Sources */ = {isa = PBXBuildFile; fileRef = 654E9D2B185C4EBE0084E6F0 /* RethinkDbClientTests.m */; };
/* End PBXBuildFile section */

/* Begin PBXContainerItemProxy section */
		654E9D22185C4EBE0084E6F0 /* PBXContainerItemProxy */ = {
			isa = PBXContainerItemProxy;
			containerPortal = 654E9CFE185C4EBE0084E6F0 /* Project object */;
			proxyType = 1;
			remoteGlobalIDString = 654E9D06185C4EBE0084E6F0;
			remoteInfo = RethinkDbClient;
		};
		65DBC4181873867900CDAB4C /* PBXContainerItemProxy */ = {
			isa = PBXContainerItemProxy;
			containerPortal = 654E9CFE185C4EBE0084E6F0 /* Project object */;
			proxyType = 1;
			remoteGlobalIDString = 65DBC4081873867900CDAB4C;
			remoteInfo = StaticRethinkDBClient;
		};
/* End PBXContainerItemProxy section */

/* Begin PBXFileReference section */
		653818C91CC6D1950082A50B /* QL2+JSON.h */ = {isa = PBXFileReference; fileEncoding = 4; lastKnownFileType = sourcecode.c.h; name = "QL2+JSON.h"; path = "Internals/QL2+JSON.h"; sourceTree = "<group>"; };
		653818CA1CC6D1950082A50B /* QL2+JSON.m */ = {isa = PBXFileReference; fileEncoding = 4; lastKnownFileType = sourcecode.c.objc; name = "QL2+JSON.m"; path = "Internals/QL2+JSON.m"; sourceTree = "<group>"; };
		653818CD1CCEC4FF0082A50B /* JSONProduction.m */ = {isa = PBXFileReference; fileEncoding = 4; lastKnownFileType = sourcecode.c.objc; path = JSONProduction.m; sourceTree = "<group>"; };
		654E9D07185C4EBE0084E6F0 /* RethinkDbClient.framework */ = {isa = PBXFileReference; explicitFileType = wrapper.framework; includeInIndex = 0; path = RethinkDbClient.framework; sourceTree = BUILT_PRODUCTS_DIR; };
		654E9D0A185C4EBE0084E6F0 /* Cocoa.framework */ = {isa = PBXFileReference; lastKnownFileType = wrapper.framework; name = Cocoa.framework; path = System/Library/Frameworks/Cocoa.framework; sourceTree = SDKROOT; };
		654E9D0D185C4EBE0084E6F0 /* Foundation.framework */ = {isa = PBXFileReference; lastKnownFileType = wrapper.framework; name = Foundation.framework; path = System/Library/Frameworks/Foundation.framework; sourceTree = SDKROOT; };
		654E9D0E185C4EBE0084E6F0 /* CoreData.framework */ = {isa = PBXFileReference; lastKnownFileType = wrapper.framework; name = CoreData.framework; path = System/Library/Frameworks/CoreData.framework; sourceTree = SDKROOT; };
		654E9D0F185C4EBE0084E6F0 /* AppKit.framework */ = {isa = PBXFileReference; lastKnownFileType = wrapper.framework; name = AppKit.framework; path = System/Library/Frameworks/AppKit.framework; sourceTree = SDKROOT; };
		654E9D12185C4EBE0084E6F0 /* RethinkDbClient-Info.plist */ = {isa = PBXFileReference; lastKnownFileType = text.plist.xml; path = "RethinkDbClient-Info.plist"; sourceTree = "<group>"; };
		654E9D14185C4EBE0084E6F0 /* en */ = {isa = PBXFileReference; lastKnownFileType = text.plist.strings; name = en; path = en.lproj/InfoPlist.strings; sourceTree = "<group>"; };
		654E9D16185C4EBE0084E6F0 /* RethinkDbClient-Prefix.pch */ = {isa = PBXFileReference; lastKnownFileType = sourcecode.c.h; path = "RethinkDbClient-Prefix.pch"; sourceTree = "<group>"; };
		654E9D17185C4EBE0084E6F0 /* RethinkDbClient.h */ = {isa = PBXFileReference; lastKnownFileType = sourcecode.c.h; path = RethinkDbClient.h; sourceTree = "<group>"; };
		654E9D18185C4EBE0084E6F0 /* RethinkDbClient.m */ = {isa = PBXFileReference; lastKnownFileType = sourcecode.c.objc; path = RethinkDbClient.m; sourceTree = "<group>"; };
		654E9D1E185C4EBE0084E6F0 /* RethinkDbClientTests.xctest */ = {isa = PBXFileReference; explicitFileType = wrapper.cfbundle; includeInIndex = 0; path = RethinkDbClientTests.xctest; sourceTree = BUILT_PRODUCTS_DIR; };
		654E9D1F185C4EBE0084E6F0 /* XCTest.framework */ = {isa = PBXFileReference; lastKnownFileType = wrapper.framework; name = XCTest.framework; path = Library/Frameworks/XCTest.framework; sourceTree = DEVELOPER_DIR; };
		654E9D27185C4EBE0084E6F0 /* RethinkDbClientTests-Info.plist */ = {isa = PBXFileReference; lastKnownFileType = text.plist.xml; path = "RethinkDbClientTests-Info.plist"; sourceTree = "<group>"; };
		654E9D29185C4EBE0084E6F0 /* en */ = {isa = PBXFileReference; lastKnownFileType = text.plist.strings; name = en; path = en.lproj/InfoPlist.strings; sourceTree = "<group>"; };
		654E9D2B185C4EBE0084E6F0 /* RethinkDbClientTests.m */ = {isa = PBXFileReference; lastKnownFileType = sourcecode.c.objc; path = RethinkDbClientTests.m; sourceTree = "<group>"; };
		654E9D36185C57610084E6F0 /* Ql2.pb.h */ = {isa = PBXFileReference; fileEncoding = 4; lastKnownFileType = sourcecode.c.h; name = Ql2.pb.h; path = Protocol/Ql2.pb.h; sourceTree = "<group>"; };
		654E9D37185C57610084E6F0 /* Ql2.pb.m */ = {isa = PBXFileReference; fileEncoding = 4; lastKnownFileType = sourcecode.c.objc; name = Ql2.pb.m; path = Protocol/Ql2.pb.m; sourceTree = "<group>"; };
		654E9D3B185C593D0084E6F0 /* AbstractMessage_Builder.h */ = {isa = PBXFileReference; fileEncoding = 4; lastKnownFileType = sourcecode.c.h; name = AbstractMessage_Builder.h; path = "Protocol/protobuf-objc/src/runtime/Classes/AbstractMessage_Builder.h"; sourceTree = "<group>"; };
		654E9D3C185C593D0084E6F0 /* AbstractMessage_Builder.m */ = {isa = PBXFileReference; fileEncoding = 4; lastKnownFileType = sourcecode.c.objc; name = AbstractMessage_Builder.m; path = "Protocol/protobuf-objc/src/runtime/Classes/AbstractMessage_Builder.m"; sourceTree = "<group>"; };
		654E9D3D185C593D0084E6F0 /* AbstractMessage.h */ = {isa = PBXFileReference; fileEncoding = 4; lastKnownFileType = sourcecode.c.h; name = AbstractMessage.h; path = "Protocol/protobuf-objc/src/runtime/Classes/AbstractMessage.h"; sourceTree = "<group>"; };
		654E9D3E185C593D0084E6F0 /* AbstractMessage.m */ = {isa = PBXFileReference; fileEncoding = 4; lastKnownFileType = sourcecode.c.objc; name = AbstractMessage.m; path = "Protocol/protobuf-objc/src/runtime/Classes/AbstractMessage.m"; sourceTree = "<group>"; };
		654E9D3F185C593D0084E6F0 /* Bootstrap.h */ = {isa = PBXFileReference; fileEncoding = 4; lastKnownFileType = sourcecode.c.h; name = Bootstrap.h; path = "Protocol/protobuf-objc/src/runtime/Classes/Bootstrap.h"; sourceTree = "<group>"; };
		654E9D40185C593D0084E6F0 /* CodedInputStream.h */ = {isa = PBXFileReference; fileEncoding = 4; lastKnownFileType = sourcecode.c.h; name = CodedInputStream.h; path = "Protocol/protobuf-objc/src/runtime/Classes/CodedInputStream.h"; sourceTree = "<group>"; };
		654E9D41185C593D0084E6F0 /* CodedInputStream.m */ = {isa = PBXFileReference; fileEncoding = 4; lastKnownFileType = sourcecode.c.objc; name = CodedInputStream.m; path = "Protocol/protobuf-objc/src/runtime/Classes/CodedInputStream.m"; sourceTree = "<group>"; };
		654E9D42185C593D0084E6F0 /* CodedOutputStream.h */ = {isa = PBXFileReference; fileEncoding = 4; lastKnownFileType = sourcecode.c.h; name = CodedOutputStream.h; path = "Protocol/protobuf-objc/src/runtime/Classes/CodedOutputStream.h"; sourceTree = "<group>"; };
		654E9D43185C593D0084E6F0 /* CodedOutputStream.m */ = {isa = PBXFileReference; fileEncoding = 4; lastKnownFileType = sourcecode.c.objc; name = CodedOutputStream.m; path = "Protocol/protobuf-objc/src/runtime/Classes/CodedOutputStream.m"; sourceTree = "<group>"; };
		654E9D44185C593D0084E6F0 /* ConcreteExtensionField.h */ = {isa = PBXFileReference; fileEncoding = 4; lastKnownFileType = sourcecode.c.h; name = ConcreteExtensionField.h; path = "Protocol/protobuf-objc/src/runtime/Classes/ConcreteExtensionField.h"; sourceTree = "<group>"; };
		654E9D45185C593D0084E6F0 /* ConcreteExtensionField.m */ = {isa = PBXFileReference; fileEncoding = 4; lastKnownFileType = sourcecode.c.objc; name = ConcreteExtensionField.m; path = "Protocol/protobuf-objc/src/runtime/Classes/ConcreteExtensionField.m"; sourceTree = "<group>"; };
		654E9D46185C593D0084E6F0 /* Descriptor.pb.h */ = {isa = PBXFileReference; fileEncoding = 4; lastKnownFileType = sourcecode.c.h; name = Descriptor.pb.h; path = "Protocol/protobuf-objc/src/runtime/Classes/Descriptor.pb.h"; sourceTree = "<group>"; };
		654E9D47185C593D0084E6F0 /* Descriptor.pb.m */ = {isa = PBXFileReference; fileEncoding = 4; lastKnownFileType = sourcecode.c.objc; name = Descriptor.pb.m; path = "Protocol/protobuf-objc/src/runtime/Classes/Descriptor.pb.m"; sourceTree = "<group>"; };
		654E9D48185C593D0084E6F0 /* ExtendableMessage_Builder.h */ = {isa = PBXFileReference; fileEncoding = 4; lastKnownFileType = sourcecode.c.h; name = ExtendableMessage_Builder.h; path = "Protocol/protobuf-objc/src/runtime/Classes/ExtendableMessage_Builder.h"; sourceTree = "<group>"; };
		654E9D49185C593D0084E6F0 /* ExtendableMessage_Builder.m */ = {isa = PBXFileReference; fileEncoding = 4; lastKnownFileType = sourcecode.c.objc; name = ExtendableMessage_Builder.m; path = "Protocol/protobuf-objc/src/runtime/Classes/ExtendableMessage_Builder.m"; sourceTree = "<group>"; };
		654E9D4A185C593D0084E6F0 /* ExtendableMessage.h */ = {isa = PBXFileReference; fileEncoding = 4; lastKnownFileType = sourcecode.c.h; name = ExtendableMessage.h; path = "Protocol/protobuf-objc/src/runtime/Classes/ExtendableMessage.h"; sourceTree = "<group>"; };
		654E9D4B185C593D0084E6F0 /* ExtendableMessage.m */ = {isa = PBXFileReference; fileEncoding = 4; lastKnownFileType = sourcecode.c.objc; name = ExtendableMessage.m; path = "Protocol/protobuf-objc/src/runtime/Classes/ExtendableMessage.m"; sourceTree = "<group>"; };
		654E9D4C185C593D0084E6F0 /* ExtensionField.h */ = {isa = PBXFileReference; fileEncoding = 4; lastKnownFileType = sourcecode.c.h; name = ExtensionField.h; path = "Protocol/protobuf-objc/src/runtime/Classes/ExtensionField.h"; sourceTree = "<group>"; };
		654E9D4D185C593D0084E6F0 /* Field.h */ = {isa = PBXFileReference; fileEncoding = 4; lastKnownFileType = sourcecode.c.h; name = Field.h; path = "Protocol/protobuf-objc/src/runtime/Classes/Field.h"; sourceTree = "<group>"; };
		654E9D4E185C593D0084E6F0 /* Field.m */ = {isa = PBXFileReference; fileEncoding = 4; lastKnownFileType = sourcecode.c.objc; name = Field.m; path = "Protocol/protobuf-objc/src/runtime/Classes/Field.m"; sourceTree = "<group>"; };
		654E9D4F185C593D0084E6F0 /* ForwardDeclarations.h */ = {isa = PBXFileReference; fileEncoding = 4; lastKnownFileType = sourcecode.c.h; name = ForwardDeclarations.h; path = "Protocol/protobuf-objc/src/runtime/Classes/ForwardDeclarations.h"; sourceTree = "<group>"; };
		654E9D50185C593D0084E6F0 /* GeneratedMessage_Builder.h */ = {isa = PBXFileReference; fileEncoding = 4; lastKnownFileType = sourcecode.c.h; name = GeneratedMessage_Builder.h; path = "Protocol/protobuf-objc/src/runtime/Classes/GeneratedMessage_Builder.h"; sourceTree = "<group>"; };
		654E9D51185C593D0084E6F0 /* GeneratedMessage_Builder.m */ = {isa = PBXFileReference; fileEncoding = 4; lastKnownFileType = sourcecode.c.objc; name = GeneratedMessage_Builder.m; path = "Protocol/protobuf-objc/src/runtime/Classes/GeneratedMessage_Builder.m"; sourceTree = "<group>"; };
		654E9D52185C593D0084E6F0 /* Message_Builder.h */ = {isa = PBXFileReference; fileEncoding = 4; lastKnownFileType = sourcecode.c.h; name = Message_Builder.h; path = "Protocol/protobuf-objc/src/runtime/Classes/Message_Builder.h"; sourceTree = "<group>"; };
		654E9D53185C593D0084E6F0 /* Message.h */ = {isa = PBXFileReference; fileEncoding = 4; lastKnownFileType = sourcecode.c.h; name = Message.h; path = "Protocol/protobuf-objc/src/runtime/Classes/Message.h"; sourceTree = "<group>"; };
		654E9D54185C593D0084E6F0 /* MutableField.h */ = {isa = PBXFileReference; fileEncoding = 4; lastKnownFileType = sourcecode.c.h; name = MutableField.h; path = "Protocol/protobuf-objc/src/runtime/Classes/MutableField.h"; sourceTree = "<group>"; };
		654E9D55185C593D0084E6F0 /* MutableField.m */ = {isa = PBXFileReference; fileEncoding = 4; lastKnownFileType = sourcecode.c.objc; name = MutableField.m; path = "Protocol/protobuf-objc/src/runtime/Classes/MutableField.m"; sourceTree = "<group>"; };
		654E9D56185C593D0084E6F0 /* PBArray.h */ = {isa = PBXFileReference; fileEncoding = 4; lastKnownFileType = sourcecode.c.h; name = PBArray.h; path = "Protocol/protobuf-objc/src/runtime/Classes/PBArray.h"; sourceTree = "<group>"; };
		654E9D57185C593D0084E6F0 /* PBArray.m */ = {isa = PBXFileReference; fileEncoding = 4; lastKnownFileType = sourcecode.c.objc; name = PBArray.m; path = "Protocol/protobuf-objc/src/runtime/Classes/PBArray.m"; sourceTree = "<group>"; };
		654E9D58185C593D0084E6F0 /* PBExtensionRegistry.h */ = {isa = PBXFileReference; fileEncoding = 4; lastKnownFileType = sourcecode.c.h; name = PBExtensionRegistry.h; path = "Protocol/protobuf-objc/src/runtime/Classes/PBExtensionRegistry.h"; sourceTree = "<group>"; };
		654E9D59185C593D0084E6F0 /* PBExtensionRegistry.m */ = {isa = PBXFileReference; fileEncoding = 4; lastKnownFileType = sourcecode.c.objc; name = PBExtensionRegistry.m; path = "Protocol/protobuf-objc/src/runtime/Classes/PBExtensionRegistry.m"; sourceTree = "<group>"; };
		654E9D5A185C593D0084E6F0 /* PBGeneratedMessage.h */ = {isa = PBXFileReference; fileEncoding = 4; lastKnownFileType = sourcecode.c.h; name = PBGeneratedMessage.h; path = "Protocol/protobuf-objc/src/runtime/Classes/PBGeneratedMessage.h"; sourceTree = "<group>"; };
		654E9D5B185C593D0084E6F0 /* PBGeneratedMessage.m */ = {isa = PBXFileReference; fileEncoding = 4; lastKnownFileType = sourcecode.c.objc; name = PBGeneratedMessage.m; path = "Protocol/protobuf-objc/src/runtime/Classes/PBGeneratedMessage.m"; sourceTree = "<group>"; };
		654E9D5C185C593D0084E6F0 /* PBMutableExtensionRegistry.h */ = {isa = PBXFileReference; fileEncoding = 4; lastKnownFileType = sourcecode.c.h; name = PBMutableExtensionRegistry.h; path = "Protocol/protobuf-objc/src/runtime/Classes/PBMutableExtensionRegistry.h"; sourceTree = "<group>"; };
		654E9D5D185C593D0084E6F0 /* PBMutableExtensionRegistry.m */ = {isa = PBXFileReference; fileEncoding = 4; lastKnownFileType = sourcecode.c.objc; name = PBMutableExtensionRegistry.m; path = "Protocol/protobuf-objc/src/runtime/Classes/PBMutableExtensionRegistry.m"; sourceTree = "<group>"; };
		654E9D5E185C593D0084E6F0 /* ProtocolBuffers.h */ = {isa = PBXFileReference; fileEncoding = 4; lastKnownFileType = sourcecode.c.h; name = ProtocolBuffers.h; path = "Protocol/protobuf-objc/src/runtime/Classes/ProtocolBuffers.h"; sourceTree = "<group>"; };
		654E9D5F185C593D0084E6F0 /* RingBuffer.h */ = {isa = PBXFileReference; fileEncoding = 4; lastKnownFileType = sourcecode.c.h; name = RingBuffer.h; path = "Protocol/protobuf-objc/src/runtime/Classes/RingBuffer.h"; sourceTree = "<group>"; };
		654E9D60185C593D0084E6F0 /* RingBuffer.m */ = {isa = PBXFileReference; fileEncoding = 4; lastKnownFileType = sourcecode.c.objc; name = RingBuffer.m; path = "Protocol/protobuf-objc/src/runtime/Classes/RingBuffer.m"; sourceTree = "<group>"; };
		654E9D61185C593D0084E6F0 /* TextFormat.h */ = {isa = PBXFileReference; fileEncoding = 4; lastKnownFileType = sourcecode.c.h; name = TextFormat.h; path = "Protocol/protobuf-objc/src/runtime/Classes/TextFormat.h"; sourceTree = "<group>"; };
		654E9D62185C593D0084E6F0 /* TextFormat.m */ = {isa = PBXFileReference; fileEncoding = 4; lastKnownFileType = sourcecode.c.objc; name = TextFormat.m; path = "Protocol/protobuf-objc/src/runtime/Classes/TextFormat.m"; sourceTree = "<group>"; };
		654E9D63185C593D0084E6F0 /* UnknownFieldSet_Builder.h */ = {isa = PBXFileReference; fileEncoding = 4; lastKnownFileType = sourcecode.c.h; name = UnknownFieldSet_Builder.h; path = "Protocol/protobuf-objc/src/runtime/Classes/UnknownFieldSet_Builder.h"; sourceTree = "<group>"; };
		654E9D64185C593D0084E6F0 /* UnknownFieldSet_Builder.m */ = {isa = PBXFileReference; fileEncoding = 4; lastKnownFileType = sourcecode.c.objc; name = UnknownFieldSet_Builder.m; path = "Protocol/protobuf-objc/src/runtime/Classes/UnknownFieldSet_Builder.m"; sourceTree = "<group>"; };
		654E9D65185C593D0084E6F0 /* UnknownFieldSet.h */ = {isa = PBXFileReference; fileEncoding = 4; lastKnownFileType = sourcecode.c.h; name = UnknownFieldSet.h; path = "Protocol/protobuf-objc/src/runtime/Classes/UnknownFieldSet.h"; sourceTree = "<group>"; };
		654E9D66185C593D0084E6F0 /* UnknownFieldSet.m */ = {isa = PBXFileReference; fileEncoding = 4; lastKnownFileType = sourcecode.c.objc; name = UnknownFieldSet.m; path = "Protocol/protobuf-objc/src/runtime/Classes/UnknownFieldSet.m"; sourceTree = "<group>"; };
		654E9D67185C593D0084E6F0 /* Utilities.h */ = {isa = PBXFileReference; fileEncoding = 4; lastKnownFileType = sourcecode.c.h; name = Utilities.h; path = "Protocol/protobuf-objc/src/runtime/Classes/Utilities.h"; sourceTree = "<group>"; };
		654E9D68185C593D0084E6F0 /* Utilities.m */ = {isa = PBXFileReference; fileEncoding = 4; lastKnownFileType = sourcecode.c.objc; name = Utilities.m; path = "Protocol/protobuf-objc/src/runtime/Classes/Utilities.m"; sourceTree = "<group>"; };
		654E9D69185C593D0084E6F0 /* WireFormat.h */ = {isa = PBXFileReference; fileEncoding = 4; lastKnownFileType = sourcecode.c.h; name = WireFormat.h; path = "Protocol/protobuf-objc/src/runtime/Classes/WireFormat.h"; sourceTree = "<group>"; };
		654E9D6A185C593D0084E6F0 /* WireFormat.m */ = {isa = PBXFileReference; fileEncoding = 4; lastKnownFileType = sourcecode.c.objc; name = WireFormat.m; path = "Protocol/protobuf-objc/src/runtime/Classes/WireFormat.m"; sourceTree = "<group>"; };
		65A02F4C1B06DAEA00F003C1 /* RethinkDBCursors.m */ = {isa = PBXFileReference; fileEncoding = 4; lastKnownFileType = sourcecode.c.objc; name = RethinkDBCursors.m; path = Internals/RethinkDBCursors.m; sourceTree = "<group>"; };
		65A02F4F1B06DB4E00F003C1 /* RethinkDBClient-Private.h */ = {isa = PBXFileReference; lastKnownFileType = sourcecode.c.h; name = "RethinkDBClient-Private.h"; path = "Internals/RethinkDBClient-Private.h"; sourceTree = "<group>"; };
		65A02F501B06DD8200F003C1 /* RethinkDBCursors-Private.h */ = {isa = PBXFileReference; lastKnownFileType = sourcecode.c.h; name = "RethinkDBCursors-Private.h"; path = "Internals/RethinkDBCursors-Private.h"; sourceTree = "<group>"; };
		65D4EFF31B461771001F67B7 /* libStaticRethinkDBClientIOS.a */ = {isa = PBXFileReference; explicitFileType = archive.ar; includeInIndex = 0; path = libStaticRethinkDBClientIOS.a; sourceTree = BUILT_PRODUCTS_DIR; };
		65DBC4091873867900CDAB4C /* libStaticRethinkDBClient.a */ = {isa = PBXFileReference; explicitFileType = archive.ar; includeInIndex = 0; path = libStaticRethinkDBClient.a; sourceTree = BUILT_PRODUCTS_DIR; };
		65DBC40D1873867900CDAB4C /* StaticRethinkDBClient-Prefix.pch */ = {isa = PBXFileReference; lastKnownFileType = sourcecode.c.h; path = "StaticRethinkDBClient-Prefix.pch"; sourceTree = "<group>"; };
		65DBC4151873867900CDAB4C /* StaticRethinkDBClientTests.xctest */ = {isa = PBXFileReference; explicitFileType = wrapper.cfbundle; includeInIndex = 0; path = StaticRethinkDBClientTests.xctest; sourceTree = BUILT_PRODUCTS_DIR; };
		65DBC41D1873867900CDAB4C /* StaticRethinkDBClientTests-Info.plist */ = {isa = PBXFileReference; lastKnownFileType = text.plist.xml; path = "StaticRethinkDBClientTests-Info.plist"; sourceTree = "<group>"; };
		65DBC41F1873867900CDAB4C /* en */ = {isa = PBXFileReference; lastKnownFileType = text.plist.strings; name = en; path = en.lproj/InfoPlist.strings; sourceTree = "<group>"; };
/* End PBXFileReference section */

/* Begin PBXFrameworksBuildPhase section */
		654E9D03185C4EBE0084E6F0 /* Frameworks */ = {
			isa = PBXFrameworksBuildPhase;
			buildActionMask = 2147483647;
			files = (
				654E9D0B185C4EBE0084E6F0 /* Cocoa.framework in Frameworks */,
			);
			runOnlyForDeploymentPostprocessing = 0;
		};
		654E9D1B185C4EBE0084E6F0 /* Frameworks */ = {
			isa = PBXFrameworksBuildPhase;
			buildActionMask = 2147483647;
			files = (
				654E9D21185C4EBE0084E6F0 /* Cocoa.framework in Frameworks */,
				654E9D24185C4EBE0084E6F0 /* RethinkDbClient.framework in Frameworks */,
				654E9D20185C4EBE0084E6F0 /* XCTest.framework in Frameworks */,
			);
			runOnlyForDeploymentPostprocessing = 0;
		};
		65D4EFED1B461771001F67B7 /* Frameworks */ = {
			isa = PBXFrameworksBuildPhase;
			buildActionMask = 2147483647;
			files = (
				65D4EFEE1B461771001F67B7 /* Cocoa.framework in Frameworks */,
			);
			runOnlyForDeploymentPostprocessing = 0;
		};
		65DBC4061873867900CDAB4C /* Frameworks */ = {
			isa = PBXFrameworksBuildPhase;
			buildActionMask = 2147483647;
			files = (
				65DBC40A1873867900CDAB4C /* Cocoa.framework in Frameworks */,
			);
			runOnlyForDeploymentPostprocessing = 0;
		};
		65DBC4121873867900CDAB4C /* Frameworks */ = {
			isa = PBXFrameworksBuildPhase;
			buildActionMask = 2147483647;
			files = (
				65DBC41A1873867900CDAB4C /* libStaticRethinkDBClient.a in Frameworks */,
				65DBC4171873867900CDAB4C /* Cocoa.framework in Frameworks */,
				65DBC4161873867900CDAB4C /* XCTest.framework in Frameworks */,
			);
			runOnlyForDeploymentPostprocessing = 0;
		};
/* End PBXFrameworksBuildPhase section */

/* Begin PBXGroup section */
		654E9CFD185C4EBE0084E6F0 = {
			isa = PBXGroup;
			children = (
				654E9D10185C4EBE0084E6F0 /* RethinkDbClient */,
				654E9D25185C4EBE0084E6F0 /* RethinkDbClientTests */,
				65DBC40B1873867900CDAB4C /* StaticRethinkDBClient */,
				65DBC41B1873867900CDAB4C /* StaticRethinkDBClientTests */,
				654E9D09185C4EBE0084E6F0 /* Frameworks */,
				654E9D08185C4EBE0084E6F0 /* Products */,
			);
			sourceTree = "<group>";
		};
		654E9D08185C4EBE0084E6F0 /* Products */ = {
			isa = PBXGroup;
			children = (
				654E9D07185C4EBE0084E6F0 /* RethinkDbClient.framework */,
				654E9D1E185C4EBE0084E6F0 /* RethinkDbClientTests.xctest */,
				65DBC4091873867900CDAB4C /* libStaticRethinkDBClient.a */,
				65DBC4151873867900CDAB4C /* StaticRethinkDBClientTests.xctest */,
				65D4EFF31B461771001F67B7 /* libStaticRethinkDBClientIOS.a */,
			);
			name = Products;
			sourceTree = "<group>";
		};
		654E9D09185C4EBE0084E6F0 /* Frameworks */ = {
			isa = PBXGroup;
			children = (
				654E9D0A185C4EBE0084E6F0 /* Cocoa.framework */,
				654E9D1F185C4EBE0084E6F0 /* XCTest.framework */,
				654E9D0C185C4EBE0084E6F0 /* Other Frameworks */,
			);
			name = Frameworks;
			sourceTree = "<group>";
		};
		654E9D0C185C4EBE0084E6F0 /* Other Frameworks */ = {
			isa = PBXGroup;
			children = (
				654E9D0D185C4EBE0084E6F0 /* Foundation.framework */,
				654E9D0E185C4EBE0084E6F0 /* CoreData.framework */,
				654E9D0F185C4EBE0084E6F0 /* AppKit.framework */,
			);
			name = "Other Frameworks";
			sourceTree = "<group>";
		};
		654E9D10185C4EBE0084E6F0 /* RethinkDbClient */ = {
			isa = PBXGroup;
			children = (
				65A02F4B1B06DA9C00F003C1 /* Internals */,
				654E9D35185C57530084E6F0 /* Protocol */,
				654E9D17185C4EBE0084E6F0 /* RethinkDbClient.h */,
				654E9D18185C4EBE0084E6F0 /* RethinkDbClient.m */,
				654E9D11185C4EBE0084E6F0 /* Supporting Files */,
			);
			path = RethinkDbClient;
			sourceTree = "<group>";
		};
		654E9D11185C4EBE0084E6F0 /* Supporting Files */ = {
			isa = PBXGroup;
			children = (
				654E9D12185C4EBE0084E6F0 /* RethinkDbClient-Info.plist */,
				654E9D13185C4EBE0084E6F0 /* InfoPlist.strings */,
				654E9D16185C4EBE0084E6F0 /* RethinkDbClient-Prefix.pch */,
			);
			name = "Supporting Files";
			sourceTree = "<group>";
		};
		654E9D25185C4EBE0084E6F0 /* RethinkDbClientTests */ = {
			isa = PBXGroup;
			children = (
				653818CD1CCEC4FF0082A50B /* JSONProduction.m */,
				654E9D2B185C4EBE0084E6F0 /* RethinkDbClientTests.m */,
				654E9D26185C4EBE0084E6F0 /* Supporting Files */,
			);
			path = RethinkDbClientTests;
			sourceTree = "<group>";
		};
		654E9D26185C4EBE0084E6F0 /* Supporting Files */ = {
			isa = PBXGroup;
			children = (
				654E9D27185C4EBE0084E6F0 /* RethinkDbClientTests-Info.plist */,
				654E9D28185C4EBE0084E6F0 /* InfoPlist.strings */,
			);
			name = "Supporting Files";
			sourceTree = "<group>";
		};
		654E9D35185C57530084E6F0 /* Protocol */ = {
			isa = PBXGroup;
			children = (
				654E9D3A185C591D0084E6F0 /* Protocol Buffers Runtime */,
				654E9D36185C57610084E6F0 /* Ql2.pb.h */,
				654E9D37185C57610084E6F0 /* Ql2.pb.m */,
			);
			name = Protocol;
			sourceTree = "<group>";
		};
		654E9D3A185C591D0084E6F0 /* Protocol Buffers Runtime */ = {
			isa = PBXGroup;
			children = (
				654E9D3B185C593D0084E6F0 /* AbstractMessage_Builder.h */,
				654E9D3C185C593D0084E6F0 /* AbstractMessage_Builder.m */,
				654E9D3D185C593D0084E6F0 /* AbstractMessage.h */,
				654E9D3E185C593D0084E6F0 /* AbstractMessage.m */,
				654E9D3F185C593D0084E6F0 /* Bootstrap.h */,
				654E9D40185C593D0084E6F0 /* CodedInputStream.h */,
				654E9D41185C593D0084E6F0 /* CodedInputStream.m */,
				654E9D42185C593D0084E6F0 /* CodedOutputStream.h */,
				654E9D43185C593D0084E6F0 /* CodedOutputStream.m */,
				654E9D44185C593D0084E6F0 /* ConcreteExtensionField.h */,
				654E9D45185C593D0084E6F0 /* ConcreteExtensionField.m */,
				654E9D46185C593D0084E6F0 /* Descriptor.pb.h */,
				654E9D47185C593D0084E6F0 /* Descriptor.pb.m */,
				654E9D48185C593D0084E6F0 /* ExtendableMessage_Builder.h */,
				654E9D49185C593D0084E6F0 /* ExtendableMessage_Builder.m */,
				654E9D4A185C593D0084E6F0 /* ExtendableMessage.h */,
				654E9D4B185C593D0084E6F0 /* ExtendableMessage.m */,
				654E9D4C185C593D0084E6F0 /* ExtensionField.h */,
				654E9D4D185C593D0084E6F0 /* Field.h */,
				654E9D4E185C593D0084E6F0 /* Field.m */,
				654E9D4F185C593D0084E6F0 /* ForwardDeclarations.h */,
				654E9D50185C593D0084E6F0 /* GeneratedMessage_Builder.h */,
				654E9D51185C593D0084E6F0 /* GeneratedMessage_Builder.m */,
				654E9D52185C593D0084E6F0 /* Message_Builder.h */,
				654E9D53185C593D0084E6F0 /* Message.h */,
				654E9D54185C593D0084E6F0 /* MutableField.h */,
				654E9D55185C593D0084E6F0 /* MutableField.m */,
				654E9D56185C593D0084E6F0 /* PBArray.h */,
				654E9D57185C593D0084E6F0 /* PBArray.m */,
				654E9D58185C593D0084E6F0 /* PBExtensionRegistry.h */,
				654E9D59185C593D0084E6F0 /* PBExtensionRegistry.m */,
				654E9D5A185C593D0084E6F0 /* PBGeneratedMessage.h */,
				654E9D5B185C593D0084E6F0 /* PBGeneratedMessage.m */,
				654E9D5C185C593D0084E6F0 /* PBMutableExtensionRegistry.h */,
				654E9D5D185C593D0084E6F0 /* PBMutableExtensionRegistry.m */,
				654E9D5E185C593D0084E6F0 /* ProtocolBuffers.h */,
				654E9D5F185C593D0084E6F0 /* RingBuffer.h */,
				654E9D60185C593D0084E6F0 /* RingBuffer.m */,
				654E9D61185C593D0084E6F0 /* TextFormat.h */,
				654E9D62185C593D0084E6F0 /* TextFormat.m */,
				654E9D63185C593D0084E6F0 /* UnknownFieldSet_Builder.h */,
				654E9D64185C593D0084E6F0 /* UnknownFieldSet_Builder.m */,
				654E9D65185C593D0084E6F0 /* UnknownFieldSet.h */,
				654E9D66185C593D0084E6F0 /* UnknownFieldSet.m */,
				654E9D67185C593D0084E6F0 /* Utilities.h */,
				654E9D68185C593D0084E6F0 /* Utilities.m */,
				654E9D69185C593D0084E6F0 /* WireFormat.h */,
				654E9D6A185C593D0084E6F0 /* WireFormat.m */,
			);
			name = "Protocol Buffers Runtime";
			sourceTree = "<group>";
		};
		65A02F4B1B06DA9C00F003C1 /* Internals */ = {
			isa = PBXGroup;
			children = (
				65A02F4F1B06DB4E00F003C1 /* RethinkDBClient-Private.h */,
				65A02F501B06DD8200F003C1 /* RethinkDBCursors-Private.h */,
				65A02F4C1B06DAEA00F003C1 /* RethinkDBCursors.m */,
				653818C91CC6D1950082A50B /* QL2+JSON.h */,
				653818CA1CC6D1950082A50B /* QL2+JSON.m */,
			);
			name = Internals;
			sourceTree = "<group>";
		};
		65DBC40B1873867900CDAB4C /* StaticRethinkDBClient */ = {
			isa = PBXGroup;
			children = (
				65DBC40C1873867900CDAB4C /* Supporting Files */,
			);
			path = StaticRethinkDBClient;
			sourceTree = "<group>";
		};
		65DBC40C1873867900CDAB4C /* Supporting Files */ = {
			isa = PBXGroup;
			children = (
				65DBC40D1873867900CDAB4C /* StaticRethinkDBClient-Prefix.pch */,
			);
			name = "Supporting Files";
			sourceTree = "<group>";
		};
		65DBC41B1873867900CDAB4C /* StaticRethinkDBClientTests */ = {
			isa = PBXGroup;
			children = (
				65DBC41C1873867900CDAB4C /* Supporting Files */,
			);
			path = StaticRethinkDBClientTests;
			sourceTree = "<group>";
		};
		65DBC41C1873867900CDAB4C /* Supporting Files */ = {
			isa = PBXGroup;
			children = (
				65DBC41D1873867900CDAB4C /* StaticRethinkDBClientTests-Info.plist */,
				65DBC41E1873867900CDAB4C /* InfoPlist.strings */,
			);
			name = "Supporting Files";
			sourceTree = "<group>";
		};
/* End PBXGroup section */

/* Begin PBXHeadersBuildPhase section */
		654E9D04185C4EBE0084E6F0 /* Headers */ = {
			isa = PBXHeadersBuildPhase;
			buildActionMask = 2147483647;
			files = (
				65314AAA1865922D0039BDF3 /* RethinkDbClient.h in Headers */,
				654E9D7F185C593D0084E6F0 /* ForwardDeclarations.h in Headers */,
				654E9D6D185C593D0084E6F0 /* AbstractMessage.h in Headers */,
				654E9D8C185C593D0084E6F0 /* PBMutableExtensionRegistry.h in Headers */,
				654E9D80185C593D0084E6F0 /* GeneratedMessage_Builder.h in Headers */,
				654E9D8F185C593D0084E6F0 /* RingBuffer.h in Headers */,
				654E9D88185C593D0084E6F0 /* PBExtensionRegistry.h in Headers */,
				654E9D72185C593D0084E6F0 /* CodedOutputStream.h in Headers */,
				654E9D83185C593D0084E6F0 /* Message.h in Headers */,
				654E9D84185C593D0084E6F0 /* MutableField.h in Headers */,
				654E9D82185C593D0084E6F0 /* Message_Builder.h in Headers */,
				654E9D93185C593D0084E6F0 /* UnknownFieldSet_Builder.h in Headers */,
				654E9D8A185C593D0084E6F0 /* PBGeneratedMessage.h in Headers */,
				654E9D6B185C593D0084E6F0 /* AbstractMessage_Builder.h in Headers */,
				654E9D70185C593D0084E6F0 /* CodedInputStream.h in Headers */,
				654E9D8E185C593D0084E6F0 /* ProtocolBuffers.h in Headers */,
				654E9D7A185C593D0084E6F0 /* ExtendableMessage.h in Headers */,
				654E9D86185C593D0084E6F0 /* PBArray.h in Headers */,
				654E9D91185C593D0084E6F0 /* TextFormat.h in Headers */,
				654E9D97185C593D0084E6F0 /* Utilities.h in Headers */,
				654E9D76185C593D0084E6F0 /* Descriptor.pb.h in Headers */,
				654E9D78185C593D0084E6F0 /* ExtendableMessage_Builder.h in Headers */,
				654E9D74185C593D0084E6F0 /* ConcreteExtensionField.h in Headers */,
				654E9D99185C593D0084E6F0 /* WireFormat.h in Headers */,
				654E9D7C185C593D0084E6F0 /* ExtensionField.h in Headers */,
				654E9D7D185C593D0084E6F0 /* Field.h in Headers */,
				653818CB1CC6D1950082A50B /* QL2+JSON.h in Headers */,
				654E9D95185C593D0084E6F0 /* UnknownFieldSet.h in Headers */,
				654E9D38185C57610084E6F0 /* Ql2.pb.h in Headers */,
				654E9D6F185C593D0084E6F0 /* Bootstrap.h in Headers */,
			);
			runOnlyForDeploymentPostprocessing = 0;
		};
		65D4EFEF1B461771001F67B7 /* Headers */ = {
			isa = PBXHeadersBuildPhase;
			buildActionMask = 2147483647;
			files = (
			);
			runOnlyForDeploymentPostprocessing = 0;
		};
		65DBC4071873867900CDAB4C /* Headers */ = {
			isa = PBXHeadersBuildPhase;
			buildActionMask = 2147483647;
			files = (
			);
			runOnlyForDeploymentPostprocessing = 0;
		};
/* End PBXHeadersBuildPhase section */

/* Begin PBXNativeTarget section */
		654E9D06185C4EBE0084E6F0 /* RethinkDbClient */ = {
			isa = PBXNativeTarget;
			buildConfigurationList = 654E9D2F185C4EBE0084E6F0 /* Build configuration list for PBXNativeTarget "RethinkDbClient" */;
			buildPhases = (
				654E9D02185C4EBE0084E6F0 /* Sources */,
				654E9D03185C4EBE0084E6F0 /* Frameworks */,
				654E9D04185C4EBE0084E6F0 /* Headers */,
				654E9D05185C4EBE0084E6F0 /* Resources */,
			);
			buildRules = (
			);
			dependencies = (
			);
			name = RethinkDbClient;
			productName = RethinkDbClient;
			productReference = 654E9D07185C4EBE0084E6F0 /* RethinkDbClient.framework */;
			productType = "com.apple.product-type.framework";
		};
		654E9D1D185C4EBE0084E6F0 /* RethinkDbClientTests */ = {
			isa = PBXNativeTarget;
			buildConfigurationList = 654E9D32185C4EBE0084E6F0 /* Build configuration list for PBXNativeTarget "RethinkDbClientTests" */;
			buildPhases = (
				654E9D1A185C4EBE0084E6F0 /* Sources */,
				654E9D1B185C4EBE0084E6F0 /* Frameworks */,
				654E9D1C185C4EBE0084E6F0 /* Resources */,
			);
			buildRules = (
			);
			dependencies = (
				654E9D23185C4EBE0084E6F0 /* PBXTargetDependency */,
			);
			name = RethinkDbClientTests;
			productName = RethinkDbClientTests;
			productReference = 654E9D1E185C4EBE0084E6F0 /* RethinkDbClientTests.xctest */;
			productType = "com.apple.product-type.bundle.unit-test";
		};
		65D4EFD31B461771001F67B7 /* StaticRethinkDBClientIOS */ = {
			isa = PBXNativeTarget;
			buildConfigurationList = 65D4EFF01B461771001F67B7 /* Build configuration list for PBXNativeTarget "StaticRethinkDBClientIOS" */;
			buildPhases = (
				65D4EFD41B461771001F67B7 /* Sources */,
				65D4EFED1B461771001F67B7 /* Frameworks */,
				65D4EFEF1B461771001F67B7 /* Headers */,
			);
			buildRules = (
			);
			dependencies = (
			);
			name = StaticRethinkDBClientIOS;
			productName = StaticRethinkDBClient;
			productReference = 65D4EFF31B461771001F67B7 /* libStaticRethinkDBClientIOS.a */;
			productType = "com.apple.product-type.library.static";
		};
		65DBC4081873867900CDAB4C /* StaticRethinkDBClient */ = {
			isa = PBXNativeTarget;
			buildConfigurationList = 65DBC4271873867900CDAB4C /* Build configuration list for PBXNativeTarget "StaticRethinkDBClient" */;
			buildPhases = (
				65DBC4051873867900CDAB4C /* Sources */,
				65DBC4061873867900CDAB4C /* Frameworks */,
				65DBC4071873867900CDAB4C /* Headers */,
			);
			buildRules = (
			);
			dependencies = (
			);
			name = StaticRethinkDBClient;
			productName = StaticRethinkDBClient;
			productReference = 65DBC4091873867900CDAB4C /* libStaticRethinkDBClient.a */;
			productType = "com.apple.product-type.library.static";
		};
		65DBC4141873867900CDAB4C /* StaticRethinkDBClientTests */ = {
			isa = PBXNativeTarget;
			buildConfigurationList = 65DBC4281873867900CDAB4C /* Build configuration list for PBXNativeTarget "StaticRethinkDBClientTests" */;
			buildPhases = (
				65DBC4111873867900CDAB4C /* Sources */,
				65DBC4121873867900CDAB4C /* Frameworks */,
				65DBC4131873867900CDAB4C /* Resources */,
			);
			buildRules = (
			);
			dependencies = (
				65DBC4191873867900CDAB4C /* PBXTargetDependency */,
			);
			name = StaticRethinkDBClientTests;
			productName = StaticRethinkDBClientTests;
			productReference = 65DBC4151873867900CDAB4C /* StaticRethinkDBClientTests.xctest */;
			productType = "com.apple.product-type.bundle.unit-test";
		};
/* End PBXNativeTarget section */

/* Begin PBXProject section */
		654E9CFE185C4EBE0084E6F0 /* Project object */ = {
			isa = PBXProject;
			attributes = {
				LastUpgradeCheck = 0700;
				ORGANIZATIONNAME = "Daniel Parnell";
				TargetAttributes = {
					654E9D1D185C4EBE0084E6F0 = {
						TestTargetID = 654E9D06185C4EBE0084E6F0;
					};
					65DBC4141873867900CDAB4C = {
						TestTargetID = 654E9D06185C4EBE0084E6F0;
					};
				};
			};
			buildConfigurationList = 654E9D01185C4EBE0084E6F0 /* Build configuration list for PBXProject "RethinkDbClient" */;
			compatibilityVersion = "Xcode 3.2";
			developmentRegion = English;
			hasScannedForEncodings = 0;
			knownRegions = (
				en,
			);
			mainGroup = 654E9CFD185C4EBE0084E6F0;
			productRefGroup = 654E9D08185C4EBE0084E6F0 /* Products */;
			projectDirPath = "";
			projectRoot = "";
			targets = (
				654E9D06185C4EBE0084E6F0 /* RethinkDbClient */,
				654E9D1D185C4EBE0084E6F0 /* RethinkDbClientTests */,
				65DBC4081873867900CDAB4C /* StaticRethinkDBClient */,
				65DBC4141873867900CDAB4C /* StaticRethinkDBClientTests */,
				65D4EFD31B461771001F67B7 /* StaticRethinkDBClientIOS */,
			);
		};
/* End PBXProject section */

/* Begin PBXResourcesBuildPhase section */
		654E9D05185C4EBE0084E6F0 /* Resources */ = {
			isa = PBXResourcesBuildPhase;
			buildActionMask = 2147483647;
			files = (
				654E9D15185C4EBE0084E6F0 /* InfoPlist.strings in Resources */,
			);
			runOnlyForDeploymentPostprocessing = 0;
		};
		654E9D1C185C4EBE0084E6F0 /* Resources */ = {
			isa = PBXResourcesBuildPhase;
			buildActionMask = 2147483647;
			files = (
				654E9D2A185C4EBE0084E6F0 /* InfoPlist.strings in Resources */,
			);
			runOnlyForDeploymentPostprocessing = 0;
		};
		65DBC4131873867900CDAB4C /* Resources */ = {
			isa = PBXResourcesBuildPhase;
			buildActionMask = 2147483647;
			files = (
				65DBC4201873867900CDAB4C /* InfoPlist.strings in Resources */,
			);
			runOnlyForDeploymentPostprocessing = 0;
		};
/* End PBXResourcesBuildPhase section */

/* Begin PBXSourcesBuildPhase section */
		654E9D02185C4EBE0084E6F0 /* Sources */ = {
			isa = PBXSourcesBuildPhase;
			buildActionMask = 2147483647;
			files = (
				654E9D75185C593D0084E6F0 /* ConcreteExtensionField.m in Sources */,
				654E9D77185C593D0084E6F0 /* Descriptor.pb.m in Sources */,
				654E9D7E185C593D0084E6F0 /* Field.m in Sources */,
				654E9D39185C57610084E6F0 /* Ql2.pb.m in Sources */,
				654E9D6E185C593D0084E6F0 /* AbstractMessage.m in Sources */,
				654E9D8B185C593D0084E6F0 /* PBGeneratedMessage.m in Sources */,
				654E9D98185C593D0084E6F0 /* Utilities.m in Sources */,
				654E9D96185C593D0084E6F0 /* UnknownFieldSet.m in Sources */,
				654E9D71185C593D0084E6F0 /* CodedInputStream.m in Sources */,
				654E9D9A185C593D0084E6F0 /* WireFormat.m in Sources */,
				654E9D8D185C593D0084E6F0 /* PBMutableExtensionRegistry.m in Sources */,
				653818CC1CC6D1950082A50B /* QL2+JSON.m in Sources */,
				654E9D79185C593D0084E6F0 /* ExtendableMessage_Builder.m in Sources */,
				654E9D81185C593D0084E6F0 /* GeneratedMessage_Builder.m in Sources */,
				654E9D94185C593D0084E6F0 /* UnknownFieldSet_Builder.m in Sources */,
				654E9D6C185C593D0084E6F0 /* AbstractMessage_Builder.m in Sources */,
				654E9D90185C593D0084E6F0 /* RingBuffer.m in Sources */,
				654E9D73185C593D0084E6F0 /* CodedOutputStream.m in Sources */,
				65A02F4D1B06DAEA00F003C1 /* RethinkDBCursors.m in Sources */,
				654E9D92185C593D0084E6F0 /* TextFormat.m in Sources */,
				654E9D85185C593D0084E6F0 /* MutableField.m in Sources */,
				654E9D89185C593D0084E6F0 /* PBExtensionRegistry.m in Sources */,
				654E9D87185C593D0084E6F0 /* PBArray.m in Sources */,
				654E9D19185C4EBE0084E6F0 /* RethinkDbClient.m in Sources */,
				654E9D7B185C593D0084E6F0 /* ExtendableMessage.m in Sources */,
			);
			runOnlyForDeploymentPostprocessing = 0;
		};
		654E9D1A185C4EBE0084E6F0 /* Sources */ = {
			isa = PBXSourcesBuildPhase;
			buildActionMask = 2147483647;
			files = (
				653818CE1CCEC4FF0082A50B /* JSONProduction.m in Sources */,
				654E9D2C185C4EBE0084E6F0 /* RethinkDbClientTests.m in Sources */,
			);
			runOnlyForDeploymentPostprocessing = 0;
		};
		65D4EFD41B461771001F67B7 /* Sources */ = {
			isa = PBXSourcesBuildPhase;
			buildActionMask = 2147483647;
			files = (
				65D4EFD51B461771001F67B7 /* AbstractMessage_Builder.m in Sources */,
				65D4EFD61B461771001F67B7 /* AbstractMessage.m in Sources */,
				65D4EFD71B461771001F67B7 /* CodedInputStream.m in Sources */,
				65D4EFD81B461771001F67B7 /* CodedOutputStream.m in Sources */,
				65D4EFD91B461771001F67B7 /* ConcreteExtensionField.m in Sources */,
				65D4EFDA1B461771001F67B7 /* Descriptor.pb.m in Sources */,
				65D4EFDB1B461771001F67B7 /* ExtendableMessage_Builder.m in Sources */,
				65D4EFDC1B461771001F67B7 /* ExtendableMessage.m in Sources */,
				65D4EFDD1B461771001F67B7 /* Field.m in Sources */,
				65D4EFDE1B461771001F67B7 /* GeneratedMessage_Builder.m in Sources */,
				65D4EFDF1B461771001F67B7 /* MutableField.m in Sources */,
				65D4EFE01B461771001F67B7 /* PBArray.m in Sources */,
				65D4EFE11B461771001F67B7 /* PBExtensionRegistry.m in Sources */,
				65D4EFE21B461771001F67B7 /* PBGeneratedMessage.m in Sources */,
				65D4EFE31B461771001F67B7 /* PBMutableExtensionRegistry.m in Sources */,
				65D4EFE41B461771001F67B7 /* RingBuffer.m in Sources */,
				65D4EFE51B461771001F67B7 /* TextFormat.m in Sources */,
				65D4EFE61B461771001F67B7 /* RethinkDBCursors.m in Sources */,
				65D4EFE71B461771001F67B7 /* UnknownFieldSet_Builder.m in Sources */,
				65D4EFE81B461771001F67B7 /* UnknownFieldSet.m in Sources */,
				65D4EFE91B461771001F67B7 /* Utilities.m in Sources */,
				65D4EFEA1B461771001F67B7 /* WireFormat.m in Sources */,
				65D4EFEB1B461771001F67B7 /* Ql2.pb.m in Sources */,
				65D4EFEC1B461771001F67B7 /* RethinkDbClient.m in Sources */,
			);
			runOnlyForDeploymentPostprocessing = 0;
		};
		65DBC4051873867900CDAB4C /* Sources */ = {
			isa = PBXSourcesBuildPhase;
			buildActionMask = 2147483647;
			files = (
				65DBC429187386CE00CDAB4C /* AbstractMessage_Builder.m in Sources */,
				65DBC42A187386CE00CDAB4C /* AbstractMessage.m in Sources */,
				65DBC42B187386CE00CDAB4C /* CodedInputStream.m in Sources */,
				65DBC42C187386CE00CDAB4C /* CodedOutputStream.m in Sources */,
				65DBC42D187386CE00CDAB4C /* ConcreteExtensionField.m in Sources */,
				65DBC42E187386CE00CDAB4C /* Descriptor.pb.m in Sources */,
				65DBC42F187386CE00CDAB4C /* ExtendableMessage_Builder.m in Sources */,
				65DBC430187386CE00CDAB4C /* ExtendableMessage.m in Sources */,
				65DBC431187386CE00CDAB4C /* Field.m in Sources */,
				65DBC432187386CE00CDAB4C /* GeneratedMessage_Builder.m in Sources */,
				65DBC433187386CE00CDAB4C /* MutableField.m in Sources */,
				65DBC434187386CE00CDAB4C /* PBArray.m in Sources */,
				65DBC435187386CE00CDAB4C /* PBExtensionRegistry.m in Sources */,
				65DBC436187386CE00CDAB4C /* PBGeneratedMessage.m in Sources */,
				65DBC437187386CE00CDAB4C /* PBMutableExtensionRegistry.m in Sources */,
				65DBC438187386CE00CDAB4C /* RingBuffer.m in Sources */,
				65DBC439187386CE00CDAB4C /* TextFormat.m in Sources */,
				65A02F4E1B06DAEA00F003C1 /* RethinkDBCursors.m in Sources */,
				65DBC43A187386CE00CDAB4C /* UnknownFieldSet_Builder.m in Sources */,
				65DBC43B187386CE00CDAB4C /* UnknownFieldSet.m in Sources */,
				65DBC43C187386CE00CDAB4C /* Utilities.m in Sources */,
				65DBC43D187386CE00CDAB4C /* WireFormat.m in Sources */,
				65DBC43E187386CE00CDAB4C /* Ql2.pb.m in Sources */,
				65DBC43F187386CE00CDAB4C /* RethinkDbClient.m in Sources */,
			);
			runOnlyForDeploymentPostprocessing = 0;
		};
		65DBC4111873867900CDAB4C /* Sources */ = {
			isa = PBXSourcesBuildPhase;
			buildActionMask = 2147483647;
			files = (
				65DBC4401873877200CDAB4C /* RethinkDbClientTests.m in Sources */,
			);
			runOnlyForDeploymentPostprocessing = 0;
		};
/* End PBXSourcesBuildPhase section */

/* Begin PBXTargetDependency section */
		654E9D23185C4EBE0084E6F0 /* PBXTargetDependency */ = {
			isa = PBXTargetDependency;
			target = 654E9D06185C4EBE0084E6F0 /* RethinkDbClient */;
			targetProxy = 654E9D22185C4EBE0084E6F0 /* PBXContainerItemProxy */;
		};
		65DBC4191873867900CDAB4C /* PBXTargetDependency */ = {
			isa = PBXTargetDependency;
			target = 65DBC4081873867900CDAB4C /* StaticRethinkDBClient */;
			targetProxy = 65DBC4181873867900CDAB4C /* PBXContainerItemProxy */;
		};
/* End PBXTargetDependency section */

/* Begin PBXVariantGroup section */
		654E9D13185C4EBE0084E6F0 /* InfoPlist.strings */ = {
			isa = PBXVariantGroup;
			children = (
				654E9D14185C4EBE0084E6F0 /* en */,
			);
			name = InfoPlist.strings;
			sourceTree = "<group>";
		};
		654E9D28185C4EBE0084E6F0 /* InfoPlist.strings */ = {
			isa = PBXVariantGroup;
			children = (
				654E9D29185C4EBE0084E6F0 /* en */,
			);
			name = InfoPlist.strings;
			sourceTree = "<group>";
		};
		65DBC41E1873867900CDAB4C /* InfoPlist.strings */ = {
			isa = PBXVariantGroup;
			children = (
				65DBC41F1873867900CDAB4C /* en */,
			);
			name = InfoPlist.strings;
			sourceTree = "<group>";
		};
/* End PBXVariantGroup section */

/* Begin XCBuildConfiguration section */
		654E9D2D185C4EBE0084E6F0 /* Debug */ = {
			isa = XCBuildConfiguration;
			buildSettings = {
				ALWAYS_SEARCH_USER_PATHS = NO;
				CLANG_CXX_LANGUAGE_STANDARD = "gnu++0x";
				CLANG_CXX_LIBRARY = "libc++";
				CLANG_ENABLE_OBJC_ARC = YES;
				CLANG_WARN_BOOL_CONVERSION = YES;
				CLANG_WARN_CONSTANT_CONVERSION = YES;
				CLANG_WARN_DIRECT_OBJC_ISA_USAGE = YES_ERROR;
				CLANG_WARN_EMPTY_BODY = YES;
				CLANG_WARN_ENUM_CONVERSION = YES;
				CLANG_WARN_INT_CONVERSION = YES;
				CLANG_WARN_OBJC_ROOT_CLASS = YES_ERROR;
				CLANG_WARN__DUPLICATE_METHOD_MATCH = YES;
				COPY_PHASE_STRIP = NO;
				ENABLE_TESTABILITY = YES;
				GCC_C_LANGUAGE_STANDARD = gnu99;
				GCC_DYNAMIC_NO_PIC = NO;
				GCC_ENABLE_OBJC_EXCEPTIONS = YES;
				GCC_OPTIMIZATION_LEVEL = 0;
				GCC_PREPROCESSOR_DEFINITIONS = (
					"DEBUG=1",
					"$(inherited)",
				);
				GCC_SYMBOLS_PRIVATE_EXTERN = NO;
				GCC_WARN_64_TO_32_BIT_CONVERSION = YES;
				GCC_WARN_ABOUT_RETURN_TYPE = YES_ERROR;
				GCC_WARN_UNDECLARED_SELECTOR = YES;
				GCC_WARN_UNINITIALIZED_AUTOS = YES;
				GCC_WARN_UNUSED_FUNCTION = YES;
				GCC_WARN_UNUSED_VARIABLE = YES;
				HEADER_SEARCH_PATHS = (
					"$(inherited)",
					/Applications/Xcode.app/Contents/Developer/Toolchains/XcodeDefault.xctoolchain/usr/include,
					"$(SRCROOT)/RethinkDbClient/Protocol",
				);
				MACOSX_DEPLOYMENT_TARGET = 10.7;
				ONLY_ACTIVE_ARCH = YES;
				SDKROOT = macosx;
			};
			name = Debug;
		};
		654E9D2E185C4EBE0084E6F0 /* Release */ = {
			isa = XCBuildConfiguration;
			buildSettings = {
				ALWAYS_SEARCH_USER_PATHS = NO;
				CLANG_CXX_LANGUAGE_STANDARD = "gnu++0x";
				CLANG_CXX_LIBRARY = "libc++";
				CLANG_ENABLE_OBJC_ARC = YES;
				CLANG_WARN_BOOL_CONVERSION = YES;
				CLANG_WARN_CONSTANT_CONVERSION = YES;
				CLANG_WARN_DIRECT_OBJC_ISA_USAGE = YES_ERROR;
				CLANG_WARN_EMPTY_BODY = YES;
				CLANG_WARN_ENUM_CONVERSION = YES;
				CLANG_WARN_INT_CONVERSION = YES;
				CLANG_WARN_OBJC_ROOT_CLASS = YES_ERROR;
				CLANG_WARN__DUPLICATE_METHOD_MATCH = YES;
				COPY_PHASE_STRIP = YES;
				DEBUG_INFORMATION_FORMAT = "dwarf-with-dsym";
				ENABLE_NS_ASSERTIONS = NO;
				GCC_C_LANGUAGE_STANDARD = gnu99;
				GCC_ENABLE_OBJC_EXCEPTIONS = YES;
				GCC_WARN_64_TO_32_BIT_CONVERSION = YES;
				GCC_WARN_ABOUT_RETURN_TYPE = YES_ERROR;
				GCC_WARN_UNDECLARED_SELECTOR = YES;
				GCC_WARN_UNINITIALIZED_AUTOS = YES;
				GCC_WARN_UNUSED_FUNCTION = YES;
				GCC_WARN_UNUSED_VARIABLE = YES;
				HEADER_SEARCH_PATHS = (
					"$(inherited)",
					/Applications/Xcode.app/Contents/Developer/Toolchains/XcodeDefault.xctoolchain/usr/include,
					"$(SRCROOT)/RethinkDbClient/Protocol",
				);
				MACOSX_DEPLOYMENT_TARGET = 10.7;
				SDKROOT = macosx;
			};
			name = Release;
		};
		654E9D30185C4EBE0084E6F0 /* Debug */ = {
			isa = XCBuildConfiguration;
			buildSettings = {
				COMBINE_HIDPI_IMAGES = YES;
				DEFINES_MODULE = YES;
				DYLIB_COMPATIBILITY_VERSION = 1;
				DYLIB_CURRENT_VERSION = 1;
				FRAMEWORK_VERSION = A;
				GCC_PRECOMPILE_PREFIX_HEADER = YES;
				GCC_PREFIX_HEADER = "RethinkDbClient/RethinkDbClient-Prefix.pch";
				HEADER_SEARCH_PATHS = (
					"$(inherited)",
					/Applications/Xcode.app/Contents/Developer/Toolchains/XcodeDefault.xctoolchain/usr/include,
				);
				INFOPLIST_FILE = "RethinkDbClient/RethinkDbClient-Info.plist";
				PRODUCT_BUNDLE_IDENTIFIER = "com.automagicsoftware.${PRODUCT_NAME:rfc1034identifier}";
				PRODUCT_NAME = "$(TARGET_NAME)";
				WRAPPER_EXTENSION = framework;
			};
			name = Debug;
		};
		654E9D31185C4EBE0084E6F0 /* Release */ = {
			isa = XCBuildConfiguration;
			buildSettings = {
				COMBINE_HIDPI_IMAGES = YES;
				DEFINES_MODULE = YES;
				DYLIB_COMPATIBILITY_VERSION = 1;
				DYLIB_CURRENT_VERSION = 1;
				FRAMEWORK_VERSION = A;
				GCC_PRECOMPILE_PREFIX_HEADER = YES;
				GCC_PREFIX_HEADER = "RethinkDbClient/RethinkDbClient-Prefix.pch";
				HEADER_SEARCH_PATHS = (
					"$(inherited)",
					/Applications/Xcode.app/Contents/Developer/Toolchains/XcodeDefault.xctoolchain/usr/include,
				);
				INFOPLIST_FILE = "RethinkDbClient/RethinkDbClient-Info.plist";
				PRODUCT_BUNDLE_IDENTIFIER = "com.automagicsoftware.${PRODUCT_NAME:rfc1034identifier}";
				PRODUCT_NAME = "$(TARGET_NAME)";
				WRAPPER_EXTENSION = framework;
			};
			name = Release;
		};
		654E9D33185C4EBE0084E6F0 /* Debug */ = {
			isa = XCBuildConfiguration;
			buildSettings = {
				BUNDLE_LOADER = "$(BUILT_PRODUCTS_DIR)/RethinkDbClient.framework/Versions/A/RethinkDbClient";
				COMBINE_HIDPI_IMAGES = YES;
				FRAMEWORK_SEARCH_PATHS = (
					"$(DEVELOPER_FRAMEWORKS_DIR)",
					"$(inherited)",
				);
				GCC_PRECOMPILE_PREFIX_HEADER = YES;
				GCC_PREFIX_HEADER = "RethinkDbClient/RethinkDbClient-Prefix.pch";
				GCC_PREPROCESSOR_DEFINITIONS = (
					"DEBUG=1",
					"$(inherited)",
				);
				INFOPLIST_FILE = "RethinkDbClientTests/RethinkDbClientTests-Info.plist";
				PRODUCT_BUNDLE_IDENTIFIER = "com.automagicsoftware.${PRODUCT_NAME:rfc1034identifier}";
				PRODUCT_NAME = "$(TARGET_NAME)";
				TEST_HOST = "$(BUNDLE_LOADER)";
				WRAPPER_EXTENSION = xctest;
			};
			name = Debug;
		};
		654E9D34185C4EBE0084E6F0 /* Release */ = {
			isa = XCBuildConfiguration;
			buildSettings = {
				BUNDLE_LOADER = "$(BUILT_PRODUCTS_DIR)/RethinkDbClient.framework/Versions/A/RethinkDbClient";
				COMBINE_HIDPI_IMAGES = YES;
				FRAMEWORK_SEARCH_PATHS = (
					"$(DEVELOPER_FRAMEWORKS_DIR)",
					"$(inherited)",
				);
				GCC_PRECOMPILE_PREFIX_HEADER = YES;
				GCC_PREFIX_HEADER = "RethinkDbClient/RethinkDbClient-Prefix.pch";
				INFOPLIST_FILE = "RethinkDbClientTests/RethinkDbClientTests-Info.plist";
				PRODUCT_BUNDLE_IDENTIFIER = "com.automagicsoftware.${PRODUCT_NAME:rfc1034identifier}";
				PRODUCT_NAME = "$(TARGET_NAME)";
				TEST_HOST = "$(BUNDLE_LOADER)";
				WRAPPER_EXTENSION = xctest;
			};
			name = Release;
		};
		65D4EFF11B461771001F67B7 /* Debug */ = {
			isa = XCBuildConfiguration;
			buildSettings = {
				COMBINE_HIDPI_IMAGES = YES;
				CONFIGURATION_BUILD_DIR = "$(BUILD_DIR)/$(CONFIGURATION)";
				GCC_PRECOMPILE_PREFIX_HEADER = YES;
				GCC_PREFIX_HEADER = "StaticRethinkDBClient/StaticRethinkDBClient-Prefix.pch";
				GCC_PREPROCESSOR_DEFINITIONS = (
					"DEBUG=1",
					"$(inherited)",
				);
				PRODUCT_NAME = StaticRethinkDBClientIOS;
				SDKROOT = iphoneos;
			};
			name = Debug;
		};
		65D4EFF21B461771001F67B7 /* Release */ = {
			isa = XCBuildConfiguration;
			buildSettings = {
				COMBINE_HIDPI_IMAGES = YES;
				CONFIGURATION_BUILD_DIR = "$(BUILD_DIR)/$(CONFIGURATION)";
				GCC_PRECOMPILE_PREFIX_HEADER = YES;
				GCC_PREFIX_HEADER = "StaticRethinkDBClient/StaticRethinkDBClient-Prefix.pch";
				PRODUCT_NAME = StaticRethinkDBClientIOS;
				SDKROOT = iphoneos;
			};
			name = Release;
		};
		65DBC4231873867900CDAB4C /* Debug */ = {
			isa = XCBuildConfiguration;
			buildSettings = {
				COMBINE_HIDPI_IMAGES = YES;
				GCC_PRECOMPILE_PREFIX_HEADER = YES;
				GCC_PREFIX_HEADER = "StaticRethinkDBClient/StaticRethinkDBClient-Prefix.pch";
				GCC_PREPROCESSOR_DEFINITIONS = (
					"DEBUG=1",
					"$(inherited)",
				);
				PRODUCT_NAME = "$(TARGET_NAME)";
			};
			name = Debug;
		};
		65DBC4241873867900CDAB4C /* Release */ = {
			isa = XCBuildConfiguration;
			buildSettings = {
				COMBINE_HIDPI_IMAGES = YES;
				GCC_PRECOMPILE_PREFIX_HEADER = YES;
				GCC_PREFIX_HEADER = "StaticRethinkDBClient/StaticRethinkDBClient-Prefix.pch";
				PRODUCT_NAME = "$(TARGET_NAME)";
			};
			name = Release;
		};
		65DBC4251873867900CDAB4C /* Debug */ = {
			isa = XCBuildConfiguration;
			buildSettings = {
				BUNDLE_LOADER = "$(BUILT_PRODUCTS_DIR)/RethinkDbClient.framework/Versions/A/RethinkDbClient";
				COMBINE_HIDPI_IMAGES = YES;
				FRAMEWORK_SEARCH_PATHS = (
					"$(DEVELOPER_FRAMEWORKS_DIR)",
					"$(inherited)",
				);
				GCC_PRECOMPILE_PREFIX_HEADER = YES;
				GCC_PREFIX_HEADER = "StaticRethinkDBClient/StaticRethinkDBClient-Prefix.pch";
				GCC_PREPROCESSOR_DEFINITIONS = (
					"DEBUG=1",
					"$(inherited)",
				);
				INFOPLIST_FILE = "StaticRethinkDBClientTests/StaticRethinkDBClientTests-Info.plist";
				PRODUCT_BUNDLE_IDENTIFIER = "com.automagicsoftware.${PRODUCT_NAME:rfc1034identifier}";
				PRODUCT_NAME = "$(TARGET_NAME)";
				TEST_HOST = "$(BUNDLE_LOADER)";
				WRAPPER_EXTENSION = xctest;
			};
			name = Debug;
		};
		65DBC4261873867900CDAB4C /* Release */ = {
			isa = XCBuildConfiguration;
			buildSettings = {
				BUNDLE_LOADER = "$(BUILT_PRODUCTS_DIR)/RethinkDbClient.framework/Versions/A/RethinkDbClient";
				COMBINE_HIDPI_IMAGES = YES;
				FRAMEWORK_SEARCH_PATHS = (
					"$(DEVELOPER_FRAMEWORKS_DIR)",
					"$(inherited)",
				);
				GCC_PRECOMPILE_PREFIX_HEADER = YES;
				GCC_PREFIX_HEADER = "StaticRethinkDBClient/StaticRethinkDBClient-Prefix.pch";
				INFOPLIST_FILE = "StaticRethinkDBClientTests/StaticRethinkDBClientTests-Info.plist";
				PRODUCT_BUNDLE_IDENTIFIER = "com.automagicsoftware.${PRODUCT_NAME:rfc1034identifier}";
				PRODUCT_NAME = "$(TARGET_NAME)";
				TEST_HOST = "$(BUNDLE_LOADER)";
				WRAPPER_EXTENSION = xctest;
			};
			name = Release;
		};
/* End XCBuildConfiguration section */

/* Begin XCConfigurationList section */
		654E9D01185C4EBE0084E6F0 /* Build configuration list for PBXProject "RethinkDbClient" */ = {
			isa = XCConfigurationList;
			buildConfigurations = (
				654E9D2D185C4EBE0084E6F0 /* Debug */,
				654E9D2E185C4EBE0084E6F0 /* Release */,
			);
			defaultConfigurationIsVisible = 0;
			defaultConfigurationName = Release;
		};
		654E9D2F185C4EBE0084E6F0 /* Build configuration list for PBXNativeTarget "RethinkDbClient" */ = {
			isa = XCConfigurationList;
			buildConfigurations = (
				654E9D30185C4EBE0084E6F0 /* Debug */,
				654E9D31185C4EBE0084E6F0 /* Release */,
			);
			defaultConfigurationIsVisible = 0;
			defaultConfigurationName = Release;
		};
		654E9D32185C4EBE0084E6F0 /* Build configuration list for PBXNativeTarget "RethinkDbClientTests" */ = {
			isa = XCConfigurationList;
			buildConfigurations = (
				654E9D33185C4EBE0084E6F0 /* Debug */,
				654E9D34185C4EBE0084E6F0 /* Release */,
			);
			defaultConfigurationIsVisible = 0;
			defaultConfigurationName = Release;
		};
		65D4EFF01B461771001F67B7 /* Build configuration list for PBXNativeTarget "StaticRethinkDBClientIOS" */ = {
			isa = XCConfigurationList;
			buildConfigurations = (
				65D4EFF11B461771001F67B7 /* Debug */,
				65D4EFF21B461771001F67B7 /* Release */,
			);
			defaultConfigurationIsVisible = 0;
			defaultConfigurationName = Release;
		};
		65DBC4271873867900CDAB4C /* Build configuration list for PBXNativeTarget "StaticRethinkDBClient" */ = {
			isa = XCConfigurationList;
			buildConfigurations = (
				65DBC4231873867900CDAB4C /* Debug */,
				65DBC4241873867900CDAB4C /* Release */,
			);
			defaultConfigurationIsVisible = 0;
			defaultConfigurationName = Release;
		};
		65DBC4281873867900CDAB4C /* Build configuration list for PBXNativeTarget "StaticRethinkDBClientTests" */ = {
			isa = XCConfigurationList;
			buildConfigurations = (
				65DBC4251873867900CDAB4C /* Debug */,
				65DBC4261873867900CDAB4C /* Release */,
			);
			defaultConfigurationIsVisible = 0;
			defaultConfigurationName = Release;
		};
/* End XCConfigurationList section */
	};
	rootObject = 654E9CFE185C4EBE0084E6F0 /* Project object */;
}
